// !$*UTF8*$!
{
	archiveVersion = 1;
	classes = {
	};
	objectVersion = 50;
	objects = {

/* Begin PBXBuildFile section */
		81F182EA2611FD74004FFC1C /* AppDelegate.swift in Sources */ = {isa = PBXBuildFile; fileRef = 81F182E92611FD74004FFC1C /* AppDelegate.swift */; };
		81F182EC2611FD74004FFC1C /* ViewController.swift in Sources */ = {isa = PBXBuildFile; fileRef = 81F182EB2611FD74004FFC1C /* ViewController.swift */; };
		81F182EE2611FD76004FFC1C /* Assets.xcassets in Resources */ = {isa = PBXBuildFile; fileRef = 81F182ED2611FD76004FFC1C /* Assets.xcassets */; };
		81F182F12611FD76004FFC1C /* Main.storyboard in Resources */ = {isa = PBXBuildFile; fileRef = 81F182EF2611FD76004FFC1C /* Main.storyboard */; };
		81F182FD2611FD76004FFC1C /* Swift_macOS_Storyboard_AppTests.swift in Sources */ = {isa = PBXBuildFile; fileRef = 81F182FC2611FD76004FFC1C /* Swift_macOS_Storyboard_AppTests.swift */; };
		81F183082611FD76004FFC1C /* Swift_macOS_Storyboard_AppUITests.swift in Sources */ = {isa = PBXBuildFile; fileRef = 81F183072611FD76004FFC1C /* Swift_macOS_Storyboard_AppUITests.swift */; };
/* End PBXBuildFile section */

/* Begin PBXContainerItemProxy section */
		81F182F92611FD76004FFC1C /* PBXContainerItemProxy */ = {
			isa = PBXContainerItemProxy;
			containerPortal = 81F182DE2611FD74004FFC1C /* Project object */;
			proxyType = 1;
			remoteGlobalIDString = 81F182E52611FD74004FFC1C;
			remoteInfo = "Swift macOS Storyboard App";
		};
		81F183042611FD76004FFC1C /* PBXContainerItemProxy */ = {
			isa = PBXContainerItemProxy;
			containerPortal = 81F182DE2611FD74004FFC1C /* Project object */;
			proxyType = 1;
			remoteGlobalIDString = 81F182E52611FD74004FFC1C;
			remoteInfo = "Swift macOS Storyboard App";
		};
/* End PBXContainerItemProxy section */

/* Begin PBXFileReference section */
		81F182E62611FD74004FFC1C /* Swift macOS Storyboard App.app */ = {isa = PBXFileReference; explicitFileType = wrapper.application; includeInIndex = 0; path = "Swift macOS Storyboard App.app"; sourceTree = BUILT_PRODUCTS_DIR; };
		81F182E92611FD74004FFC1C /* AppDelegate.swift */ = {isa = PBXFileReference; lastKnownFileType = sourcecode.swift; path = AppDelegate.swift; sourceTree = "<group>"; };
		81F182EB2611FD74004FFC1C /* ViewController.swift */ = {isa = PBXFileReference; lastKnownFileType = sourcecode.swift; path = ViewController.swift; sourceTree = "<group>"; };
		81F182ED2611FD76004FFC1C /* Assets.xcassets */ = {isa = PBXFileReference; lastKnownFileType = folder.assetcatalog; path = Assets.xcassets; sourceTree = "<group>"; };
		81F182F02611FD76004FFC1C /* Base */ = {isa = PBXFileReference; lastKnownFileType = file.storyboard; name = Base; path = Base.lproj/Main.storyboard; sourceTree = "<group>"; };
		81F182F22611FD76004FFC1C /* Info.plist */ = {isa = PBXFileReference; lastKnownFileType = text.plist.xml; path = Info.plist; sourceTree = "<group>"; };
		81F182F32611FD76004FFC1C /* Swift_macOS_Storyboard_App.entitlements */ = {isa = PBXFileReference; lastKnownFileType = text.plist.entitlements; path = Swift_macOS_Storyboard_App.entitlements; sourceTree = "<group>"; };
		81F182F82611FD76004FFC1C /* Swift macOS Storyboard AppTests.xctest */ = {isa = PBXFileReference; explicitFileType = wrapper.cfbundle; includeInIndex = 0; path = "Swift macOS Storyboard AppTests.xctest"; sourceTree = BUILT_PRODUCTS_DIR; };
		81F182FC2611FD76004FFC1C /* Swift_macOS_Storyboard_AppTests.swift */ = {isa = PBXFileReference; lastKnownFileType = sourcecode.swift; path = Swift_macOS_Storyboard_AppTests.swift; sourceTree = "<group>"; };
		81F182FE2611FD76004FFC1C /* Info.plist */ = {isa = PBXFileReference; lastKnownFileType = text.plist.xml; path = Info.plist; sourceTree = "<group>"; };
		81F183032611FD76004FFC1C /* Swift macOS Storyboard AppUITests.xctest */ = {isa = PBXFileReference; explicitFileType = wrapper.cfbundle; includeInIndex = 0; path = "Swift macOS Storyboard AppUITests.xctest"; sourceTree = BUILT_PRODUCTS_DIR; };
		81F183072611FD76004FFC1C /* Swift_macOS_Storyboard_AppUITests.swift */ = {isa = PBXFileReference; lastKnownFileType = sourcecode.swift; path = Swift_macOS_Storyboard_AppUITests.swift; sourceTree = "<group>"; };
		81F183092611FD76004FFC1C /* Info.plist */ = {isa = PBXFileReference; lastKnownFileType = text.plist.xml; path = Info.plist; sourceTree = "<group>"; };
/* End PBXFileReference section */

/* Begin PBXFrameworksBuildPhase section */
		81F182E32611FD74004FFC1C /* Frameworks */ = {
			isa = PBXFrameworksBuildPhase;
			buildActionMask = 2147483647;
			files = (
			);
			runOnlyForDeploymentPostprocessing = 0;
		};
		81F182F52611FD76004FFC1C /* Frameworks */ = {
			isa = PBXFrameworksBuildPhase;
			buildActionMask = 2147483647;
			files = (
			);
			runOnlyForDeploymentPostprocessing = 0;
		};
		81F183002611FD76004FFC1C /* Frameworks */ = {
			isa = PBXFrameworksBuildPhase;
			buildActionMask = 2147483647;
			files = (
			);
			runOnlyForDeploymentPostprocessing = 0;
		};
/* End PBXFrameworksBuildPhase section */

/* Begin PBXGroup section */
		81F182DD2611FD74004FFC1C = {
			isa = PBXGroup;
			children = (
				81F182E82611FD74004FFC1C /* Swift macOS Storyboard App */,
				81F182FB2611FD76004FFC1C /* Swift macOS Storyboard AppTests */,
				81F183062611FD76004FFC1C /* Swift macOS Storyboard AppUITests */,
				81F182E72611FD74004FFC1C /* Products */,
			);
			sourceTree = "<group>";
		};
		81F182E72611FD74004FFC1C /* Products */ = {
			isa = PBXGroup;
			children = (
				81F182E62611FD74004FFC1C /* Swift macOS Storyboard App.app */,
				81F182F82611FD76004FFC1C /* Swift macOS Storyboard AppTests.xctest */,
				81F183032611FD76004FFC1C /* Swift macOS Storyboard AppUITests.xctest */,
			);
			name = Products;
			sourceTree = "<group>";
		};
		81F182E82611FD74004FFC1C /* Swift macOS Storyboard App */ = {
			isa = PBXGroup;
			children = (
				81F182E92611FD74004FFC1C /* AppDelegate.swift */,
				81F182EB2611FD74004FFC1C /* ViewController.swift */,
				81F182ED2611FD76004FFC1C /* Assets.xcassets */,
				81F182EF2611FD76004FFC1C /* Main.storyboard */,
				81F182F22611FD76004FFC1C /* Info.plist */,
				81F182F32611FD76004FFC1C /* Swift_macOS_Storyboard_App.entitlements */,
			);
			path = "Swift macOS Storyboard App";
			sourceTree = "<group>";
		};
		81F182FB2611FD76004FFC1C /* Swift macOS Storyboard AppTests */ = {
			isa = PBXGroup;
			children = (
				81F182FC2611FD76004FFC1C /* Swift_macOS_Storyboard_AppTests.swift */,
				81F182FE2611FD76004FFC1C /* Info.plist */,
			);
			path = "Swift macOS Storyboard AppTests";
			sourceTree = "<group>";
		};
		81F183062611FD76004FFC1C /* Swift macOS Storyboard AppUITests */ = {
			isa = PBXGroup;
			children = (
				81F183072611FD76004FFC1C /* Swift_macOS_Storyboard_AppUITests.swift */,
				81F183092611FD76004FFC1C /* Info.plist */,
			);
			path = "Swift macOS Storyboard AppUITests";
			sourceTree = "<group>";
		};
/* End PBXGroup section */

/* Begin PBXNativeTarget section */
		81F182E52611FD74004FFC1C /* Swift macOS Storyboard App */ = {
			isa = PBXNativeTarget;
			buildConfigurationList = 81F1830C2611FD76004FFC1C /* Build configuration list for PBXNativeTarget "Swift macOS Storyboard App" */;
			buildPhases = (
				81F182E22611FD74004FFC1C /* Sources */,
				81F182E32611FD74004FFC1C /* Frameworks */,
				81F182E42611FD74004FFC1C /* Resources */,
			);
			buildRules = (
			);
			dependencies = (
			);
			name = "Swift macOS Storyboard App";
			productName = "Swift macOS Storyboard App";
			productReference = 81F182E62611FD74004FFC1C /* Swift macOS Storyboard App.app */;
			productType = "com.apple.product-type.application";
		};
		81F182F72611FD76004FFC1C /* Swift macOS Storyboard AppTests */ = {
			isa = PBXNativeTarget;
			buildConfigurationList = 81F1830F2611FD76004FFC1C /* Build configuration list for PBXNativeTarget "Swift macOS Storyboard AppTests" */;
			buildPhases = (
				81F182F42611FD76004FFC1C /* Sources */,
				81F182F52611FD76004FFC1C /* Frameworks */,
				81F182F62611FD76004FFC1C /* Resources */,
			);
			buildRules = (
			);
			dependencies = (
				81F182FA2611FD76004FFC1C /* PBXTargetDependency */,
			);
			name = "Swift macOS Storyboard AppTests";
			productName = "Swift macOS Storyboard AppTests";
			productReference = 81F182F82611FD76004FFC1C /* Swift macOS Storyboard AppTests.xctest */;
			productType = "com.apple.product-type.bundle.unit-test";
		};
		81F183022611FD76004FFC1C /* Swift macOS Storyboard AppUITests */ = {
			isa = PBXNativeTarget;
			buildConfigurationList = 81F183122611FD76004FFC1C /* Build configuration list for PBXNativeTarget "Swift macOS Storyboard AppUITests" */;
			buildPhases = (
				81F182FF2611FD76004FFC1C /* Sources */,
				81F183002611FD76004FFC1C /* Frameworks */,
				81F183012611FD76004FFC1C /* Resources */,
			);
			buildRules = (
			);
			dependencies = (
				81F183052611FD76004FFC1C /* PBXTargetDependency */,
			);
			name = "Swift macOS Storyboard AppUITests";
			productName = "Swift macOS Storyboard AppUITests";
			productReference = 81F183032611FD76004FFC1C /* Swift macOS Storyboard AppUITests.xctest */;
			productType = "com.apple.product-type.bundle.ui-testing";
		};
/* End PBXNativeTarget section */

/* Begin PBXProject section */
		81F182DE2611FD74004FFC1C /* Project object */ = {
			isa = PBXProject;
			attributes = {
				LastSwiftUpdateCheck = 1230;
				LastUpgradeCheck = 1230;
				TargetAttributes = {
					81F182E52611FD74004FFC1C = {
						CreatedOnToolsVersion = 12.3;
					};
					81F182F72611FD76004FFC1C = {
						CreatedOnToolsVersion = 12.3;
						TestTargetID = 81F182E52611FD74004FFC1C;
					};
					81F183022611FD76004FFC1C = {
						CreatedOnToolsVersion = 12.3;
						TestTargetID = 81F182E52611FD74004FFC1C;
					};
				};
			};
			buildConfigurationList = 81F182E12611FD74004FFC1C /* Build configuration list for PBXProject "Swift macOS Storyboard App" */;
			compatibilityVersion = "Xcode 9.3";
			developmentRegion = en;
			hasScannedForEncodings = 0;
			knownRegions = (
				en,
				Base,
			);
			mainGroup = 81F182DD2611FD74004FFC1C;
			productRefGroup = 81F182E72611FD74004FFC1C /* Products */;
			projectDirPath = "";
			projectRoot = "";
			targets = (
				81F182E52611FD74004FFC1C /* Swift macOS Storyboard App */,
				81F182F72611FD76004FFC1C /* Swift macOS Storyboard AppTests */,
				81F183022611FD76004FFC1C /* Swift macOS Storyboard AppUITests */,
			);
		};
/* End PBXProject section */

/* Begin PBXResourcesBuildPhase section */
		81F182E42611FD74004FFC1C /* Resources */ = {
			isa = PBXResourcesBuildPhase;
			buildActionMask = 2147483647;
			files = (
				81F182EE2611FD76004FFC1C /* Assets.xcassets in Resources */,
				81F182F12611FD76004FFC1C /* Main.storyboard in Resources */,
			);
			runOnlyForDeploymentPostprocessing = 0;
		};
		81F182F62611FD76004FFC1C /* Resources */ = {
			isa = PBXResourcesBuildPhase;
			buildActionMask = 2147483647;
			files = (
			);
			runOnlyForDeploymentPostprocessing = 0;
		};
		81F183012611FD76004FFC1C /* Resources */ = {
			isa = PBXResourcesBuildPhase;
			buildActionMask = 2147483647;
			files = (
			);
			runOnlyForDeploymentPostprocessing = 0;
		};
/* End PBXResourcesBuildPhase section */

/* Begin PBXSourcesBuildPhase section */
		81F182E22611FD74004FFC1C /* Sources */ = {
			isa = PBXSourcesBuildPhase;
			buildActionMask = 2147483647;
			files = (
				81F182EC2611FD74004FFC1C /* ViewController.swift in Sources */,
				81F182EA2611FD74004FFC1C /* AppDelegate.swift in Sources */,
			);
			runOnlyForDeploymentPostprocessing = 0;
		};
		81F182F42611FD76004FFC1C /* Sources */ = {
			isa = PBXSourcesBuildPhase;
			buildActionMask = 2147483647;
			files = (
				81F182FD2611FD76004FFC1C /* Swift_macOS_Storyboard_AppTests.swift in Sources */,
			);
			runOnlyForDeploymentPostprocessing = 0;
		};
		81F182FF2611FD76004FFC1C /* Sources */ = {
			isa = PBXSourcesBuildPhase;
			buildActionMask = 2147483647;
			files = (
				81F183082611FD76004FFC1C /* Swift_macOS_Storyboard_AppUITests.swift in Sources */,
			);
			runOnlyForDeploymentPostprocessing = 0;
		};
/* End PBXSourcesBuildPhase section */

/* Begin PBXTargetDependency section */
		81F182FA2611FD76004FFC1C /* PBXTargetDependency */ = {
			isa = PBXTargetDependency;
			target = 81F182E52611FD74004FFC1C /* Swift macOS Storyboard App */;
			targetProxy = 81F182F92611FD76004FFC1C /* PBXContainerItemProxy */;
		};
		81F183052611FD76004FFC1C /* PBXTargetDependency */ = {
			isa = PBXTargetDependency;
			target = 81F182E52611FD74004FFC1C /* Swift macOS Storyboard App */;
			targetProxy = 81F183042611FD76004FFC1C /* PBXContainerItemProxy */;
		};
/* End PBXTargetDependency section */

/* Begin PBXVariantGroup section */
		81F182EF2611FD76004FFC1C /* Main.storyboard */ = {
			isa = PBXVariantGroup;
			children = (
				81F182F02611FD76004FFC1C /* Base */,
			);
			name = Main.storyboard;
			sourceTree = "<group>";
		};
/* End PBXVariantGroup section */

/* Begin XCBuildConfiguration section */
		81F1830A2611FD76004FFC1C /* Debug */ = {
			isa = XCBuildConfiguration;
			buildSettings = {
				ALWAYS_SEARCH_USER_PATHS = NO;
				CLANG_ANALYZER_NONNULL = YES;
				CLANG_ANALYZER_NUMBER_OBJECT_CONVERSION = YES_AGGRESSIVE;
				CLANG_CXX_LANGUAGE_STANDARD = "gnu++14";
				CLANG_CXX_LIBRARY = "libc++";
				CLANG_ENABLE_MODULES = YES;
				CLANG_ENABLE_OBJC_ARC = YES;
				CLANG_ENABLE_OBJC_WEAK = YES;
				CLANG_WARN_BLOCK_CAPTURE_AUTORELEASING = YES;
				CLANG_WARN_BOOL_CONVERSION = YES;
				CLANG_WARN_COMMA = YES;
				CLANG_WARN_CONSTANT_CONVERSION = YES;
				CLANG_WARN_DEPRECATED_OBJC_IMPLEMENTATIONS = YES;
				CLANG_WARN_DIRECT_OBJC_ISA_USAGE = YES_ERROR;
				CLANG_WARN_DOCUMENTATION_COMMENTS = YES;
				CLANG_WARN_EMPTY_BODY = YES;
				CLANG_WARN_ENUM_CONVERSION = YES;
				CLANG_WARN_INFINITE_RECURSION = YES;
				CLANG_WARN_INT_CONVERSION = YES;
				CLANG_WARN_NON_LITERAL_NULL_CONVERSION = YES;
				CLANG_WARN_OBJC_IMPLICIT_RETAIN_SELF = YES;
				CLANG_WARN_OBJC_LITERAL_CONVERSION = YES;
				CLANG_WARN_OBJC_ROOT_CLASS = YES_ERROR;
				CLANG_WARN_QUOTED_INCLUDE_IN_FRAMEWORK_HEADER = YES;
				CLANG_WARN_RANGE_LOOP_ANALYSIS = YES;
				CLANG_WARN_STRICT_PROTOTYPES = YES;
				CLANG_WARN_SUSPICIOUS_MOVE = YES;
				CLANG_WARN_UNGUARDED_AVAILABILITY = YES_AGGRESSIVE;
				CLANG_WARN_UNREACHABLE_CODE = YES;
				CLANG_WARN__DUPLICATE_METHOD_MATCH = YES;
				COPY_PHASE_STRIP = NO;
				DEBUG_INFORMATION_FORMAT = dwarf;
				ENABLE_STRICT_OBJC_MSGSEND = YES;
				ENABLE_TESTABILITY = YES;
				GCC_C_LANGUAGE_STANDARD = gnu11;
				GCC_DYNAMIC_NO_PIC = NO;
				GCC_NO_COMMON_BLOCKS = YES;
				GCC_OPTIMIZATION_LEVEL = 0;
				GCC_PREPROCESSOR_DEFINITIONS = (
					"DEBUG=1",
					"$(inherited)",
				);
				GCC_WARN_64_TO_32_BIT_CONVERSION = YES;
				GCC_WARN_ABOUT_RETURN_TYPE = YES_ERROR;
				GCC_WARN_UNDECLARED_SELECTOR = YES;
				GCC_WARN_UNINITIALIZED_AUTOS = YES_AGGRESSIVE;
				GCC_WARN_UNUSED_FUNCTION = YES;
				GCC_WARN_UNUSED_VARIABLE = YES;
				MACOSX_DEPLOYMENT_TARGET = 10.15;
				MTL_ENABLE_DEBUG_INFO = INCLUDE_SOURCE;
				MTL_FAST_MATH = YES;
				ONLY_ACTIVE_ARCH = YES;
				SDKROOT = macosx;
				SWIFT_ACTIVE_COMPILATION_CONDITIONS = DEBUG;
				SWIFT_OPTIMIZATION_LEVEL = "-Onone";
			};
			name = Debug;
		};
		81F1830B2611FD76004FFC1C /* Release */ = {
			isa = XCBuildConfiguration;
			buildSettings = {
				ALWAYS_SEARCH_USER_PATHS = NO;
				CLANG_ANALYZER_NONNULL = YES;
				CLANG_ANALYZER_NUMBER_OBJECT_CONVERSION = YES_AGGRESSIVE;
				CLANG_CXX_LANGUAGE_STANDARD = "gnu++14";
				CLANG_CXX_LIBRARY = "libc++";
				CLANG_ENABLE_MODULES = YES;
				CLANG_ENABLE_OBJC_ARC = YES;
				CLANG_ENABLE_OBJC_WEAK = YES;
				CLANG_WARN_BLOCK_CAPTURE_AUTORELEASING = YES;
				CLANG_WARN_BOOL_CONVERSION = YES;
				CLANG_WARN_COMMA = YES;
				CLANG_WARN_CONSTANT_CONVERSION = YES;
				CLANG_WARN_DEPRECATED_OBJC_IMPLEMENTATIONS = YES;
				CLANG_WARN_DIRECT_OBJC_ISA_USAGE = YES_ERROR;
				CLANG_WARN_DOCUMENTATION_COMMENTS = YES;
				CLANG_WARN_EMPTY_BODY = YES;
				CLANG_WARN_ENUM_CONVERSION = YES;
				CLANG_WARN_INFINITE_RECURSION = YES;
				CLANG_WARN_INT_CONVERSION = YES;
				CLANG_WARN_NON_LITERAL_NULL_CONVERSION = YES;
				CLANG_WARN_OBJC_IMPLICIT_RETAIN_SELF = YES;
				CLANG_WARN_OBJC_LITERAL_CONVERSION = YES;
				CLANG_WARN_OBJC_ROOT_CLASS = YES_ERROR;
				CLANG_WARN_QUOTED_INCLUDE_IN_FRAMEWORK_HEADER = YES;
				CLANG_WARN_RANGE_LOOP_ANALYSIS = YES;
				CLANG_WARN_STRICT_PROTOTYPES = YES;
				CLANG_WARN_SUSPICIOUS_MOVE = YES;
				CLANG_WARN_UNGUARDED_AVAILABILITY = YES_AGGRESSIVE;
				CLANG_WARN_UNREACHABLE_CODE = YES;
				CLANG_WARN__DUPLICATE_METHOD_MATCH = YES;
				COPY_PHASE_STRIP = NO;
				DEBUG_INFORMATION_FORMAT = "dwarf-with-dsym";
				ENABLE_NS_ASSERTIONS = NO;
				ENABLE_STRICT_OBJC_MSGSEND = YES;
				GCC_C_LANGUAGE_STANDARD = gnu11;
				GCC_NO_COMMON_BLOCKS = YES;
				GCC_WARN_64_TO_32_BIT_CONVERSION = YES;
				GCC_WARN_ABOUT_RETURN_TYPE = YES_ERROR;
				GCC_WARN_UNDECLARED_SELECTOR = YES;
				GCC_WARN_UNINITIALIZED_AUTOS = YES_AGGRESSIVE;
				GCC_WARN_UNUSED_FUNCTION = YES;
				GCC_WARN_UNUSED_VARIABLE = YES;
				MACOSX_DEPLOYMENT_TARGET = 10.15;
				MTL_ENABLE_DEBUG_INFO = NO;
				MTL_FAST_MATH = YES;
				SDKROOT = macosx;
				SWIFT_COMPILATION_MODE = wholemodule;
				SWIFT_OPTIMIZATION_LEVEL = "-O";
			};
			name = Release;
		};
		81F1830D2611FD76004FFC1C /* Debug */ = {
			isa = XCBuildConfiguration;
			buildSettings = {
				ASSETCATALOG_COMPILER_APPICON_NAME = AppIcon;
				ASSETCATALOG_COMPILER_GLOBAL_ACCENT_COLOR_NAME = AccentColor;
				CODE_SIGN_ENTITLEMENTS = "Swift macOS Storyboard App/Swift_macOS_Storyboard_App.entitlements";
				CODE_SIGN_STYLE = Automatic;
				COMBINE_HIDPI_IMAGES = YES;
				DEVELOPMENT_TEAM = 9HSP2RB5C2;
				ENABLE_HARDENED_RUNTIME = YES;
				INFOPLIST_FILE = "Swift macOS Storyboard App/Info.plist";
				LD_RUNPATH_SEARCH_PATHS = (
					"$(inherited)",
					"@executable_path/../Frameworks",
				);
				PRODUCT_BUNDLE_IDENTIFIER = "mosesbuckwalter.Swift-macOS-Storyboard-App";
				PRODUCT_NAME = "$(TARGET_NAME)";
				SWIFT_VERSION = 5.0;
			};
			name = Debug;
		};
		81F1830E2611FD76004FFC1C /* Release */ = {
			isa = XCBuildConfiguration;
			buildSettings = {
				ASSETCATALOG_COMPILER_APPICON_NAME = AppIcon;
				ASSETCATALOG_COMPILER_GLOBAL_ACCENT_COLOR_NAME = AccentColor;
				CODE_SIGN_ENTITLEMENTS = "Swift macOS Storyboard App/Swift_macOS_Storyboard_App.entitlements";
				CODE_SIGN_STYLE = Automatic;
				COMBINE_HIDPI_IMAGES = YES;
				DEVELOPMENT_TEAM = 9HSP2RB5C2;
				ENABLE_HARDENED_RUNTIME = YES;
				INFOPLIST_FILE = "Swift macOS Storyboard App/Info.plist";
				LD_RUNPATH_SEARCH_PATHS = (
					"$(inherited)",
					"@executable_path/../Frameworks",
				);
				PRODUCT_BUNDLE_IDENTIFIER = "mosesbuckwalter.Swift-macOS-Storyboard-App";
				PRODUCT_NAME = "$(TARGET_NAME)";
				SWIFT_VERSION = 5.0;
			};
			name = Release;
		};
		81F183102611FD76004FFC1C /* Debug */ = {
			isa = XCBuildConfiguration;
			buildSettings = {
				ALWAYS_EMBED_SWIFT_STANDARD_LIBRARIES = YES;
				BUNDLE_LOADER = "$(TEST_HOST)";
				CODE_SIGN_STYLE = Automatic;
				COMBINE_HIDPI_IMAGES = YES;
				DEVELOPMENT_TEAM = 9HSP2RB5C2;
				INFOPLIST_FILE = "Swift macOS Storyboard AppTests/Info.plist";
				LD_RUNPATH_SEARCH_PATHS = (
					"$(inherited)",
					"@executable_path/../Frameworks",
					"@loader_path/../Frameworks",
				);
				MACOSX_DEPLOYMENT_TARGET = 10.15;
				PRODUCT_BUNDLE_IDENTIFIER = "mosesbuckwalter.Swift-macOS-Storyboard-AppTests";
				PRODUCT_NAME = "$(TARGET_NAME)";
				SWIFT_VERSION = 5.0;
				TEST_HOST = "$(BUILT_PRODUCTS_DIR)/Swift macOS Storyboard App.app/Contents/MacOS/Swift macOS Storyboard App";
			};
			name = Debug;
		};
		81F183112611FD76004FFC1C /* Release */ = {
			isa = XCBuildConfiguration;
			buildSettings = {
				ALWAYS_EMBED_SWIFT_STANDARD_LIBRARIES = YES;
				BUNDLE_LOADER = "$(TEST_HOST)";
				CODE_SIGN_STYLE = Automatic;
				COMBINE_HIDPI_IMAGES = YES;
				DEVELOPMENT_TEAM = 9HSP2RB5C2;
				INFOPLIST_FILE = "Swift macOS Storyboard AppTests/Info.plist";
				LD_RUNPATH_SEARCH_PATHS = (
					"$(inherited)",
					"@executable_path/../Frameworks",
					"@loader_path/../Frameworks",
				);
				MACOSX_DEPLOYMENT_TARGET = 10.15;
				PRODUCT_BUNDLE_IDENTIFIER = "mosesbuckwalter.Swift-macOS-Storyboard-AppTests";
				PRODUCT_NAME = "$(TARGET_NAME)";
				SWIFT_VERSION = 5.0;
				TEST_HOST = "$(BUILT_PRODUCTS_DIR)/Swift macOS Storyboard App.app/Contents/MacOS/Swift macOS Storyboard App";
			};
			name = Release;
		};
		81F183132611FD76004FFC1C /* Debug */ = {
			isa = XCBuildConfiguration;
			buildSettings = {
				ALWAYS_EMBED_SWIFT_STANDARD_LIBRARIES = YES;
				CODE_SIGN_STYLE = Automatic;
				COMBINE_HIDPI_IMAGES = YES;
				DEVELOPMENT_TEAM = 9HSP2RB5C2;
				INFOPLIST_FILE = "Swift macOS Storyboard AppUITests/Info.plist";
				LD_RUNPATH_SEARCH_PATHS = (
					"$(inherited)",
					"@executable_path/../Frameworks",
					"@loader_path/../Frameworks",
				);
				PRODUCT_BUNDLE_IDENTIFIER = "mosesbuckwalter.Swift-macOS-Storyboard-AppUITests";
				PRODUCT_NAME = "$(TARGET_NAME)";
				SWIFT_VERSION = 5.0;
				TEST_TARGET_NAME = "Swift macOS Storyboard App";
			};
			name = Debug;
		};
		81F183142611FD76004FFC1C /* Release */ = {
			isa = XCBuildConfiguration;
			buildSettings = {
				ALWAYS_EMBED_SWIFT_STANDARD_LIBRARIES = YES;
				CODE_SIGN_STYLE = Automatic;
				COMBINE_HIDPI_IMAGES = YES;
				DEVELOPMENT_TEAM = 9HSP2RB5C2;
				INFOPLIST_FILE = "Swift macOS Storyboard AppUITests/Info.plist";
				LD_RUNPATH_SEARCH_PATHS = (
					"$(inherited)",
					"@executable_path/../Frameworks",
					"@loader_path/../Frameworks",
				);
				PRODUCT_BUNDLE_IDENTIFIER = "mosesbuckwalter.Swift-macOS-Storyboard-AppUITests";
				PRODUCT_NAME = "$(TARGET_NAME)";
				SWIFT_VERSION = 5.0;
				TEST_TARGET_NAME = "Swift macOS Storyboard App";
			};
			name = Release;
		};
/* End XCBuildConfiguration section */

/* Begin XCConfigurationList section */
		81F182E12611FD74004FFC1C /* Build configuration list for PBXProject "Swift macOS Storyboard App" */ = {
			isa = XCConfigurationList;
			buildConfigurations = (
				81F1830A2611FD76004FFC1C /* Debug */,
				81F1830B2611FD76004FFC1C /* Release */,
			);
			defaultConfigurationIsVisible = 0;
			defaultConfigurationName = Release;
		};
		81F1830C2611FD76004FFC1C /* Build configuration list for PBXNativeTarget "Swift macOS Storyboard App" */ = {
			isa = XCConfigurationList;
			buildConfigurations = (
				81F1830D2611FD76004FFC1C /* Debug */,
				81F1830E2611FD76004FFC1C /* Release */,
			);
			defaultConfigurationIsVisible = 0;
			defaultConfigurationName = Release;
		};
		81F1830F2611FD76004FFC1C /* Build configuration list for PBXNativeTarget "Swift macOS Storyboard AppTests" */ = {
			isa = XCConfigurationList;
			buildConfigurations = (
				81F183102611FD76004FFC1C /* Debug */,
				81F183112611FD76004FFC1C /* Release */,
			);
			defaultConfigurationIsVisible = 0;
			defaultConfigurationName = Release;
		};
		81F183122611FD76004FFC1C /* Build configuration list for PBXNativeTarget "Swift macOS Storyboard AppUITests" */ = {
			isa = XCConfigurationList;
			buildConfigurations = (
				81F183132611FD76004FFC1C /* Debug */,
				81F183142611FD76004FFC1C /* Release */,
			);
			defaultConfigurationIsVisible = 0;
			defaultConfigurationName = Release;
		};
/* End XCConfigurationList section */
	};
	rootObject = 81F182DE2611FD74004FFC1C /* Project object */;
}
